
Microsoft Visual Studio Solution File, Format Version 12.00
# Visual Studio Version 16
VisualStudioVersion = 16.0.30907.101
MinimumVisualStudioVersion = 10.0.40219.1
Project("{8BC9CEB8-8B4A-11D0-8D11-00A0C91BC942}") = "day_1", "day_1\day_1.vcxproj", "{61DAE555-C1DD-4CA9-8DF4-FC8265846BAE}"
EndProject
Project("{8BC9CEB8-8B4A-11D0-8D11-00A0C91BC942}") = "day_2", "day_2\day_2.vcxproj", "{CF6E3D90-E174-49E0-9024-C9501C8545E0}"
EndProject
Project("{8BC9CEB8-8B4A-11D0-8D11-00A0C91BC942}") = "day_3", "day_3\day_3.vcxproj", "{50708529-D472-42F9-A3AE-B63AE14AB4EF}"
EndProject
Project("{8BC9CEB8-8B4A-11D0-8D11-00A0C91BC942}") = "day_4", "day_4\day_4.vcxproj", "{BE98E684-7A7A-4B17-90EC-94A3DD2352DC}"
EndProject
Project("{8BC9CEB8-8B4A-11D0-8D11-00A0C91BC942}") = "day_5", "day_5\day_5.vcxproj", "{DAA361A3-CA8F-48BB-8029-2D8257A64C5C}"
EndProject
Project("{8BC9CEB8-8B4A-11D0-8D11-00A0C91BC942}") = "day_6", "day_6\day_6.vcxproj", "{EA5D800E-BB3D-4466-94D8-16F7E62F5196}"
EndProject
Project("{8BC9CEB8-8B4A-11D0-8D11-00A0C91BC942}") = "day_7", "day_7\day_7.vcxproj", "{3C87950C-B001-4FD7-A2F1-C1C5BB8EC5AA}"
EndProject
Project("{8BC9CEB8-8B4A-11D0-8D11-00A0C91BC942}") = "day_8", "day_8\day_8.vcxproj", "{D077C3E7-9CB9-48DD-AE08-842B1EC88CA3}"
EndProject
Project("{8BC9CEB8-8B4A-11D0-8D11-00A0C91BC942}") = "day_9", "day_9\day_9.vcxproj", "{ECA87903-BB68-4282-B118-F88B11D53764}"
EndProject
Project("{8BC9CEB8-8B4A-11D0-8D11-00A0C91BC942}") = "day_10", "day_10\day_10.vcxproj", "{521500A9-5538-4766-932C-E54FD1C4BB54}"
EndProject
Project("{8BC9CEB8-8B4A-11D0-8D11-00A0C91BC942}") = "day_11", "day_11\day_11.vcxproj", "{759568E1-5251-4600-9FBD-45763F77C93B}"
EndProject
Project("{8BC9CEB8-8B4A-11D0-8D11-00A0C91BC942}") = "day_12", "day_12\day_12.vcxproj", "{EB9F2801-ADC1-4916-A32B-532BB1F441B7}"
EndProject
Project("{8BC9CEB8-8B4A-11D0-8D11-00A0C91BC942}") = "day_13", "day_13\day_13.vcxproj", "{1E55DAB8-DD00-43D3-AB3C-5C116F107E41}"
EndProject
Project("{8BC9CEB8-8B4A-11D0-8D11-00A0C91BC942}") = "day_14", "day_14\day_14.vcxproj", "{0F6FCF43-992A-49CA-895C-C5C1C90A6A2A}"
EndProject
Global
	GlobalSection(SolutionConfigurationPlatforms) = preSolution
		Debug|x64 = Debug|x64
		Debug|x86 = Debug|x86
		Release|x64 = Release|x64
		Release|x86 = Release|x86
	EndGlobalSection
	GlobalSection(ProjectConfigurationPlatforms) = postSolution
		{61DAE555-C1DD-4CA9-8DF4-FC8265846BAE}.Debug|x64.ActiveCfg = Debug|x64
		{61DAE555-C1DD-4CA9-8DF4-FC8265846BAE}.Debug|x64.Build.0 = Debug|x64
		{61DAE555-C1DD-4CA9-8DF4-FC8265846BAE}.Debug|x86.ActiveCfg = Debug|Win32
		{61DAE555-C1DD-4CA9-8DF4-FC8265846BAE}.Debug|x86.Build.0 = Debug|Win32
		{61DAE555-C1DD-4CA9-8DF4-FC8265846BAE}.Release|x64.ActiveCfg = Release|x64
		{61DAE555-C1DD-4CA9-8DF4-FC8265846BAE}.Release|x64.Build.0 = Release|x64
		{61DAE555-C1DD-4CA9-8DF4-FC8265846BAE}.Release|x86.ActiveCfg = Release|Win32
		{61DAE555-C1DD-4CA9-8DF4-FC8265846BAE}.Release|x86.Build.0 = Release|Win32
		{CF6E3D90-E174-49E0-9024-C9501C8545E0}.Debug|x64.ActiveCfg = Debug|x64
		{CF6E3D90-E174-49E0-9024-C9501C8545E0}.Debug|x64.Build.0 = Debug|x64
		{CF6E3D90-E174-49E0-9024-C9501C8545E0}.Debug|x86.ActiveCfg = Debug|Win32
		{CF6E3D90-E174-49E0-9024-C9501C8545E0}.Debug|x86.Build.0 = Debug|Win32
		{CF6E3D90-E174-49E0-9024-C9501C8545E0}.Release|x64.ActiveCfg = Release|x64
		{CF6E3D90-E174-49E0-9024-C9501C8545E0}.Release|x64.Build.0 = Release|x64
		{CF6E3D90-E174-49E0-9024-C9501C8545E0}.Release|x86.ActiveCfg = Release|Win32
		{CF6E3D90-E174-49E0-9024-C9501C8545E0}.Release|x86.Build.0 = Release|Win32
		{50708529-D472-42F9-A3AE-B63AE14AB4EF}.Debug|x64.ActiveCfg = Debug|x64
		{50708529-D472-42F9-A3AE-B63AE14AB4EF}.Debug|x64.Build.0 = Debug|x64
		{50708529-D472-42F9-A3AE-B63AE14AB4EF}.Debug|x86.ActiveCfg = Debug|Win32
		{50708529-D472-42F9-A3AE-B63AE14AB4EF}.Debug|x86.Build.0 = Debug|Win32
		{50708529-D472-42F9-A3AE-B63AE14AB4EF}.Release|x64.ActiveCfg = Release|x64
		{50708529-D472-42F9-A3AE-B63AE14AB4EF}.Release|x64.Build.0 = Release|x64
		{50708529-D472-42F9-A3AE-B63AE14AB4EF}.Release|x86.ActiveCfg = Release|Win32
		{50708529-D472-42F9-A3AE-B63AE14AB4EF}.Release|x86.Build.0 = Release|Win32
		{BE98E684-7A7A-4B17-90EC-94A3DD2352DC}.Debug|x64.ActiveCfg = Debug|x64
		{BE98E684-7A7A-4B17-90EC-94A3DD2352DC}.Debug|x64.Build.0 = Debug|x64
		{BE98E684-7A7A-4B17-90EC-94A3DD2352DC}.Debug|x86.ActiveCfg = Debug|Win32
		{BE98E684-7A7A-4B17-90EC-94A3DD2352DC}.Debug|x86.Build.0 = Debug|Win32
		{BE98E684-7A7A-4B17-90EC-94A3DD2352DC}.Release|x64.ActiveCfg = Release|x64
		{BE98E684-7A7A-4B17-90EC-94A3DD2352DC}.Release|x64.Build.0 = Release|x64
		{BE98E684-7A7A-4B17-90EC-94A3DD2352DC}.Release|x86.ActiveCfg = Release|Win32
		{BE98E684-7A7A-4B17-90EC-94A3DD2352DC}.Release|x86.Build.0 = Release|Win32
		{DAA361A3-CA8F-48BB-8029-2D8257A64C5C}.Debug|x64.ActiveCfg = Debug|x64
		{DAA361A3-CA8F-48BB-8029-2D8257A64C5C}.Debug|x64.Build.0 = Debug|x64
		{DAA361A3-CA8F-48BB-8029-2D8257A64C5C}.Debug|x86.ActiveCfg = Debug|Win32
		{DAA361A3-CA8F-48BB-8029-2D8257A64C5C}.Debug|x86.Build.0 = Debug|Win32
		{DAA361A3-CA8F-48BB-8029-2D8257A64C5C}.Release|x64.ActiveCfg = Release|x64
		{DAA361A3-CA8F-48BB-8029-2D8257A64C5C}.Release|x64.Build.0 = Release|x64
		{DAA361A3-CA8F-48BB-8029-2D8257A64C5C}.Release|x86.ActiveCfg = Release|Win32
		{DAA361A3-CA8F-48BB-8029-2D8257A64C5C}.Release|x86.Build.0 = Release|Win32
		{EA5D800E-BB3D-4466-94D8-16F7E62F5196}.Debug|x64.ActiveCfg = Debug|x64
		{EA5D800E-BB3D-4466-94D8-16F7E62F5196}.Debug|x64.Build.0 = Debug|x64
		{EA5D800E-BB3D-4466-94D8-16F7E62F5196}.Debug|x86.ActiveCfg = Debug|Win32
		{EA5D800E-BB3D-4466-94D8-16F7E62F5196}.Debug|x86.Build.0 = Debug|Win32
		{EA5D800E-BB3D-4466-94D8-16F7E62F5196}.Release|x64.ActiveCfg = Release|x64
		{EA5D800E-BB3D-4466-94D8-16F7E62F5196}.Release|x64.Build.0 = Release|x64
		{EA5D800E-BB3D-4466-94D8-16F7E62F5196}.Release|x86.ActiveCfg = Release|Win32
		{EA5D800E-BB3D-4466-94D8-16F7E62F5196}.Release|x86.Build.0 = Release|Win32
		{3C87950C-B001-4FD7-A2F1-C1C5BB8EC5AA}.Debug|x64.ActiveCfg = Debug|x64
		{3C87950C-B001-4FD7-A2F1-C1C5BB8EC5AA}.Debug|x64.Build.0 = Debug|x64
		{3C87950C-B001-4FD7-A2F1-C1C5BB8EC5AA}.Debug|x86.ActiveCfg = Debug|Win32
		{3C87950C-B001-4FD7-A2F1-C1C5BB8EC5AA}.Debug|x86.Build.0 = Debug|Win32
		{3C87950C-B001-4FD7-A2F1-C1C5BB8EC5AA}.Release|x64.ActiveCfg = Release|x64
		{3C87950C-B001-4FD7-A2F1-C1C5BB8EC5AA}.Release|x64.Build.0 = Release|x64
		{3C87950C-B001-4FD7-A2F1-C1C5BB8EC5AA}.Release|x86.ActiveCfg = Release|Win32
		{3C87950C-B001-4FD7-A2F1-C1C5BB8EC5AA}.Release|x86.Build.0 = Release|Win32
		{D077C3E7-9CB9-48DD-AE08-842B1EC88CA3}.Debug|x64.ActiveCfg = Debug|x64
		{D077C3E7-9CB9-48DD-AE08-842B1EC88CA3}.Debug|x64.Build.0 = Debug|x64
		{D077C3E7-9CB9-48DD-AE08-842B1EC88CA3}.Debug|x86.ActiveCfg = Debug|Win32
		{D077C3E7-9CB9-48DD-AE08-842B1EC88CA3}.Debug|x86.Build.0 = Debug|Win32
		{D077C3E7-9CB9-48DD-AE08-842B1EC88CA3}.Release|x64.ActiveCfg = Release|x64
		{D077C3E7-9CB9-48DD-AE08-842B1EC88CA3}.Release|x64.Build.0 = Release|x64
		{D077C3E7-9CB9-48DD-AE08-842B1EC88CA3}.Release|x86.ActiveCfg = Release|Win32
		{D077C3E7-9CB9-48DD-AE08-842B1EC88CA3}.Release|x86.Build.0 = Release|Win32
		{ECA87903-BB68-4282-B118-F88B11D53764}.Debug|x64.ActiveCfg = Debug|x64
		{ECA87903-BB68-4282-B118-F88B11D53764}.Debug|x64.Build.0 = Debug|x64
		{ECA87903-BB68-4282-B118-F88B11D53764}.Debug|x86.ActiveCfg = Debug|Win32
		{ECA87903-BB68-4282-B118-F88B11D53764}.Debug|x86.Build.0 = Debug|Win32
		{ECA87903-BB68-4282-B118-F88B11D53764}.Release|x64.ActiveCfg = Release|x64
		{ECA87903-BB68-4282-B118-F88B11D53764}.Release|x64.Build.0 = Release|x64
		{ECA87903-BB68-4282-B118-F88B11D53764}.Release|x86.ActiveCfg = Release|Win32
		{ECA87903-BB68-4282-B118-F88B11D53764}.Release|x86.Build.0 = Release|Win32
		{521500A9-5538-4766-932C-E54FD1C4BB54}.Debug|x64.ActiveCfg = Debug|x64
		{521500A9-5538-4766-932C-E54FD1C4BB54}.Debug|x64.Build.0 = Debug|x64
		{521500A9-5538-4766-932C-E54FD1C4BB54}.Debug|x86.ActiveCfg = Debug|Win32
		{521500A9-5538-4766-932C-E54FD1C4BB54}.Debug|x86.Build.0 = Debug|Win32
		{521500A9-5538-4766-932C-E54FD1C4BB54}.Release|x64.ActiveCfg = Release|x64
		{521500A9-5538-4766-932C-E54FD1C4BB54}.Release|x64.Build.0 = Release|x64
		{521500A9-5538-4766-932C-E54FD1C4BB54}.Release|x86.ActiveCfg = Release|Win32
		{521500A9-5538-4766-932C-E54FD1C4BB54}.Release|x86.Build.0 = Release|Win32
		{759568E1-5251-4600-9FBD-45763F77C93B}.Debug|x64.ActiveCfg = Debug|x64
		{759568E1-5251-4600-9FBD-45763F77C93B}.Debug|x64.Build.0 = Debug|x64
		{759568E1-5251-4600-9FBD-45763F77C93B}.Debug|x86.ActiveCfg = Debug|Win32
		{759568E1-5251-4600-9FBD-45763F77C93B}.Debug|x86.Build.0 = Debug|Win32
		{759568E1-5251-4600-9FBD-45763F77C93B}.Release|x64.ActiveCfg = Release|x64
		{759568E1-5251-4600-9FBD-45763F77C93B}.Release|x64.Build.0 = Release|x64
		{759568E1-5251-4600-9FBD-45763F77C93B}.Release|x86.ActiveCfg = Release|Win32
		{759568E1-5251-4600-9FBD-45763F77C93B}.Release|x86.Build.0 = Release|Win32
		{EB9F2801-ADC1-4916-A32B-532BB1F441B7}.Debug|x64.ActiveCfg = Debug|x64
		{EB9F2801-ADC1-4916-A32B-532BB1F441B7}.Debug|x64.Build.0 = Debug|x64
		{EB9F2801-ADC1-4916-A32B-532BB1F441B7}.Debug|x86.ActiveCfg = Debug|Win32
		{EB9F2801-ADC1-4916-A32B-532BB1F441B7}.Debug|x86.Build.0 = Debug|Win32
		{EB9F2801-ADC1-4916-A32B-532BB1F441B7}.Release|x64.ActiveCfg = Release|x64
		{EB9F2801-ADC1-4916-A32B-532BB1F441B7}.Release|x64.Build.0 = Release|x64
		{EB9F2801-ADC1-4916-A32B-532BB1F441B7}.Release|x86.ActiveCfg = Release|Win32
		{EB9F2801-ADC1-4916-A32B-532BB1F441B7}.Release|x86.Build.0 = Release|Win32
		{1E55DAB8-DD00-43D3-AB3C-5C116F107E41}.Debug|x64.ActiveCfg = Debug|x64
		{1E55DAB8-DD00-43D3-AB3C-5C116F107E41}.Debug|x64.Build.0 = Debug|x64
		{1E55DAB8-DD00-43D3-AB3C-5C116F107E41}.Debug|x86.ActiveCfg = Debug|Win32
		{1E55DAB8-DD00-43D3-AB3C-5C116F107E41}.Debug|x86.Build.0 = Debug|Win32
		{1E55DAB8-DD00-43D3-AB3C-5C116F107E41}.Release|x64.ActiveCfg = Release|x64
		{1E55DAB8-DD00-43D3-AB3C-5C116F107E41}.Release|x64.Build.0 = Release|x64
		{1E55DAB8-DD00-43D3-AB3C-5C116F107E41}.Release|x86.ActiveCfg = Release|Win32
		{1E55DAB8-DD00-43D3-AB3C-5C116F107E41}.Release|x86.Build.0 = Release|Win32
		{0F6FCF43-992A-49CA-895C-C5C1C90A6A2A}.Debug|x64.ActiveCfg = Debug|x64
		{0F6FCF43-992A-49CA-895C-C5C1C90A6A2A}.Debug|x64.Build.0 = Debug|x64
		{0F6FCF43-992A-49CA-895C-C5C1C90A6A2A}.Debug|x86.ActiveCfg = Debug|Win32
		{0F6FCF43-992A-49CA-895C-C5C1C90A6A2A}.Debug|x86.Build.0 = Debug|Win32
		{0F6FCF43-992A-49CA-895C-C5C1C90A6A2A}.Release|x64.ActiveCfg = Release|x64
		{0F6FCF43-992A-49CA-895C-C5C1C90A6A2A}.Release|x64.Build.0 = Release|x64
		{0F6FCF43-992A-49CA-895C-C5C1C90A6A2A}.Release|x86.ActiveCfg = Release|Win32
		{0F6FCF43-992A-49CA-895C-C5C1C90A6A2A}.Release|x86.Build.0 = Release|Win32
	EndGlobalSection
	GlobalSection(SolutionProperties) = preSolution
		HideSolutionNode = FALSE
	EndGlobalSection
	GlobalSection(ExtensibilityGlobals) = postSolution
		SolutionGuid = {7A51C5D2-A0F0-4BFE-A3FE-4A001F2CB21F}
	EndGlobalSection
EndGlobal
